
Microsoft Visual Studio Solution File, Format Version 12.00
# Visual Studio 15
VisualStudioVersion = 15.0.28307.852
MinimumVisualStudioVersion = 10.0.40219.1
Project("{F184B08F-C81C-45F6-A57F-5ABD9991F28F}") = "EquisdeExtractor", "EquisdeExtractor\EquisdeExtractor.vbproj", "{C51398FC-9A2F-4C50-8500-48ACBAB95E55}"
EndProject
Global
	GlobalSection(SolutionConfigurationPlatforms) = preSolution
		Debug|Any CPU = Debug|Any CPU
		Release|Any CPU = Release|Any CPU
	EndGlobalSection
	GlobalSection(ProjectConfigurationPlatforms) = postSolution
		{C51398FC-9A2F-4C50-8500-48ACBAB95E55}.Debug|Any CPU.ActiveCfg = Debug|Any CPU
		{C51398FC-9A2F-4C50-8500-48ACBAB95E55}.Debug|Any CPU.Build.0 = Debug|Any CPU
		{C51398FC-9A2F-4C50-8500-48ACBAB95E55}.Release|Any CPU.ActiveCfg = Release|Any CPU
		{C51398FC-9A2F-4C50-8500-48ACBAB95E55}.Release|Any CPU.Build.0 = Release|Any CPU
	EndGlobalSection
	GlobalSection(SolutionProperties) = preSolution
		HideSolutionNode = FALSE
	EndGlobalSection
	GlobalSection(ExtensibilityGlobals) = postSolution
		SolutionGuid = {19064B32-085C-4E49-8910-C77E89E3F392}
	EndGlobalSection
EndGlobal
