
Microsoft Visual Studio Solution File, Format Version 12.00
# Visual Studio 15
VisualStudioVersion = 15.0.28307.779
MinimumVisualStudioVersion = 10.0.40219.1
Project("{F184B08F-C81C-45F6-A57F-5ABD9991F28F}") = "Equisde", "Equisde\Equisde.vbproj", "{75DCE7B6-68F1-42C6-8486-E6FF7A9A8E92}"
EndProject
Project("{F184B08F-C81C-45F6-A57F-5ABD9991F28F}") = "EquisdeControl", "EquisdeControl\EquisdeControl\EquisdeControl.vbproj", "{5C1D5BC4-1E68-4B7D-B336-C9A107D1F8CA}"
EndProject
Project("{F184B08F-C81C-45F6-A57F-5ABD9991F28F}") = "EquisdeExtractor", "EquisdeExtractor\EquisdeExtractor\EquisdeExtractor.vbproj", "{C51398FC-9A2F-4C50-8500-48ACBAB95E55}"
EndProject
Global
	GlobalSection(SolutionConfigurationPlatforms) = preSolution
		Debug|Any CPU = Debug|Any CPU
		Release|Any CPU = Release|Any CPU
	EndGlobalSection
	GlobalSection(ProjectConfigurationPlatforms) = postSolution
		{75DCE7B6-68F1-42C6-8486-E6FF7A9A8E92}.Debug|Any CPU.ActiveCfg = Debug|Any CPU
		{75DCE7B6-68F1-42C6-8486-E6FF7A9A8E92}.Debug|Any CPU.Build.0 = Debug|Any CPU
		{75DCE7B6-68F1-42C6-8486-E6FF7A9A8E92}.Release|Any CPU.ActiveCfg = Release|Any CPU
		{75DCE7B6-68F1-42C6-8486-E6FF7A9A8E92}.Release|Any CPU.Build.0 = Release|Any CPU
		{5C1D5BC4-1E68-4B7D-B336-C9A107D1F8CA}.Debug|Any CPU.ActiveCfg = Debug|Any CPU
		{5C1D5BC4-1E68-4B7D-B336-C9A107D1F8CA}.Debug|Any CPU.Build.0 = Debug|Any CPU
		{5C1D5BC4-1E68-4B7D-B336-C9A107D1F8CA}.Release|Any CPU.ActiveCfg = Release|Any CPU
		{5C1D5BC4-1E68-4B7D-B336-C9A107D1F8CA}.Release|Any CPU.Build.0 = Release|Any CPU
		{C51398FC-9A2F-4C50-8500-48ACBAB95E55}.Debug|Any CPU.ActiveCfg = Debug|Any CPU
		{C51398FC-9A2F-4C50-8500-48ACBAB95E55}.Debug|Any CPU.Build.0 = Debug|Any CPU
		{C51398FC-9A2F-4C50-8500-48ACBAB95E55}.Release|Any CPU.ActiveCfg = Release|Any CPU
		{C51398FC-9A2F-4C50-8500-48ACBAB95E55}.Release|Any CPU.Build.0 = Release|Any CPU
	EndGlobalSection
	GlobalSection(SolutionProperties) = preSolution
		HideSolutionNode = FALSE
	EndGlobalSection
	GlobalSection(ExtensibilityGlobals) = postSolution
		SolutionGuid = {9C46E2FD-7898-4523-ADC4-4ABDB9832F7A}
	EndGlobalSection
EndGlobal
